// !$*UTF8*$!
{
	archiveVersion = 1;
	classes = {
	};
	objectVersion = 50;
	objects = {

/* Begin PBXBuildFile section */
		707F952425D16004007ED891 /* AppDelegate.swift in Sources */ = {isa = PBXBuildFile; fileRef = 707F952325D16004007ED891 /* AppDelegate.swift */; };
		707F952625D16005007ED891 /* SceneDelegate.swift in Sources */ = {isa = PBXBuildFile; fileRef = 707F952525D16005007ED891 /* SceneDelegate.swift */; };
		707F952825D16005007ED891 /* ViewController.swift in Sources */ = {isa = PBXBuildFile; fileRef = 707F952725D16005007ED891 /* ViewController.swift */; };
		707F952B25D16005007ED891 /* Main.storyboard in Resources */ = {isa = PBXBuildFile; fileRef = 707F952925D16005007ED891 /* Main.storyboard */; };
		707F953025D16007007ED891 /* LaunchScreen.storyboard in Resources */ = {isa = PBXBuildFile; fileRef = 707F952E25D16007007ED891 /* LaunchScreen.storyboard */; };
		707F953A25D161AF007ED891 /* cutomTableViewCell.swift in Sources */ = {isa = PBXBuildFile; fileRef = 707F953825D161AF007ED891 /* cutomTableViewCell.swift */; };
		707F953B25D161AF007ED891 /* cutomTableViewCell.xib in Resources */ = {isa = PBXBuildFile; fileRef = 707F953925D161AF007ED891 /* cutomTableViewCell.xib */; };
		707F953F25D16B73007ED891 /* Assets.xcassets 18-21-23-384.xcassets in Resources */ = {isa = PBXBuildFile; fileRef = 707F953E25D16B73007ED891 /* Assets.xcassets 18-21-23-384.xcassets */; };
/* End PBXBuildFile section */

/* Begin PBXFileReference section */
		707F952025D16004007ED891 /* tableViewDemo1.app */ = {isa = PBXFileReference; explicitFileType = wrapper.application; includeInIndex = 0; path = tableViewDemo1.app; sourceTree = BUILT_PRODUCTS_DIR; };
		707F952325D16004007ED891 /* AppDelegate.swift */ = {isa = PBXFileReference; lastKnownFileType = sourcecode.swift; path = AppDelegate.swift; sourceTree = "<group>"; };
		707F952525D16005007ED891 /* SceneDelegate.swift */ = {isa = PBXFileReference; lastKnownFileType = sourcecode.swift; path = SceneDelegate.swift; sourceTree = "<group>"; };
		707F952725D16005007ED891 /* ViewController.swift */ = {isa = PBXFileReference; lastKnownFileType = sourcecode.swift; path = ViewController.swift; sourceTree = "<group>"; };
		707F952A25D16005007ED891 /* Base */ = {isa = PBXFileReference; lastKnownFileType = file.storyboard; name = Base; path = Base.lproj/Main.storyboard; sourceTree = "<group>"; };
		707F952F25D16007007ED891 /* Base */ = {isa = PBXFileReference; lastKnownFileType = file.storyboard; name = Base; path = Base.lproj/LaunchScreen.storyboard; sourceTree = "<group>"; };
		707F953125D16007007ED891 /* Info.plist */ = {isa = PBXFileReference; lastKnownFileType = text.plist.xml; path = Info.plist; sourceTree = "<group>"; };
		707F953825D161AF007ED891 /* cutomTableViewCell.swift */ = {isa = PBXFileReference; lastKnownFileType = sourcecode.swift; path = cutomTableViewCell.swift; sourceTree = "<group>"; };
		707F953925D161AF007ED891 /* cutomTableViewCell.xib */ = {isa = PBXFileReference; lastKnownFileType = file.xib; path = cutomTableViewCell.xib; sourceTree = "<group>"; };
		707F953E25D16B73007ED891 /* Assets.xcassets 18-21-23-384.xcassets */ = {isa = PBXFileReference; lastKnownFileType = folder.assetcatalog; name = "Assets.xcassets 18-21-23-384.xcassets"; path = "../../../../../.Trash/Assets.xcassets 18-21-23-384.xcassets"; sourceTree = "<group>"; };
/* End PBXFileReference section */

/* Begin PBXFrameworksBuildPhase section */
		707F951D25D16004007ED891 /* Frameworks */ = {
			isa = PBXFrameworksBuildPhase;
			buildActionMask = 2147483647;
			files = (
			);
			runOnlyForDeploymentPostprocessing = 0;
		};
/* End PBXFrameworksBuildPhase section */

/* Begin PBXGroup section */
		707F951725D16004007ED891 = {
			isa = PBXGroup;
			children = (
				707F952225D16004007ED891 /* tableViewDemo1 */,
				707F952125D16004007ED891 /* Products */,
			);
			sourceTree = "<group>";
		};
		707F952125D16004007ED891 /* Products */ = {
			isa = PBXGroup;
			children = (
				707F952025D16004007ED891 /* tableViewDemo1.app */,
			);
			name = Products;
			sourceTree = "<group>";
		};
		707F952225D16004007ED891 /* tableViewDemo1 */ = {
			isa = PBXGroup;
			children = (
				707F952325D16004007ED891 /* AppDelegate.swift */,
				707F952525D16005007ED891 /* SceneDelegate.swift */,
				707F952725D16005007ED891 /* ViewController.swift */,
				707F952925D16005007ED891 /* Main.storyboard */,
				707F952E25D16007007ED891 /* LaunchScreen.storyboard */,
				707F953E25D16B73007ED891 /* Assets.xcassets 18-21-23-384.xcassets */,
				707F953125D16007007ED891 /* Info.plist */,
				707F953825D161AF007ED891 /* cutomTableViewCell.swift */,
				707F953925D161AF007ED891 /* cutomTableViewCell.xib */,
			);
			path = tableViewDemo1;
			sourceTree = "<group>";
		};
/* End PBXGroup section */

/* Begin PBXNativeTarget section */
		707F951F25D16004007ED891 /* tableViewDemo1 */ = {
			isa = PBXNativeTarget;
			buildConfigurationList = 707F953425D16007007ED891 /* Build configuration list for PBXNativeTarget "tableViewDemo1" */;
			buildPhases = (
				707F951C25D16004007ED891 /* Sources */,
				707F951D25D16004007ED891 /* Frameworks */,
				707F951E25D16004007ED891 /* Resources */,
			);
			buildRules = (
			);
			dependencies = (
			);
			name = tableViewDemo1;
			productName = tableViewDemo1;
			productReference = 707F952025D16004007ED891 /* tableViewDemo1.app */;
			productType = "com.apple.product-type.application";
		};
/* End PBXNativeTarget section */

/* Begin PBXProject section */
		707F951825D16004007ED891 /* Project object */ = {
			isa = PBXProject;
			attributes = {
				LastSwiftUpdateCheck = 1240;
				LastUpgradeCheck = 1240;
				TargetAttributes = {
					707F951F25D16004007ED891 = {
						CreatedOnToolsVersion = 12.4;
					};
				};
			};
			buildConfigurationList = 707F951B25D16004007ED891 /* Build configuration list for PBXProject "tableViewDemo1" */;
			compatibilityVersion = "Xcode 9.3";
			developmentRegion = en;
			hasScannedForEncodings = 0;
			knownRegions = (
				en,
				Base,
			);
			mainGroup = 707F951725D16004007ED891;
			productRefGroup = 707F952125D16004007ED891 /* Products */;
			projectDirPath = "";
			projectRoot = "";
			targets = (
				707F951F25D16004007ED891 /* tableViewDemo1 */,
			);
		};
/* End PBXProject section */

/* Begin PBXResourcesBuildPhase section */
		707F951E25D16004007ED891 /* Resources */ = {
			isa = PBXResourcesBuildPhase;
			buildActionMask = 2147483647;
			files = (
				707F953025D16007007ED891 /* LaunchScreen.storyboard in Resources */,
				707F953B25D161AF007ED891 /* cutomTableViewCell.xib in Resources */,
				707F952B25D16005007ED891 /* Main.storyboard in Resources */,
				707F953F25D16B73007ED891 /* Assets.xcassets 18-21-23-384.xcassets in Resources */,
			);
			runOnlyForDeploymentPostprocessing = 0;
		};
/* End PBXResourcesBuildPhase section */

/* Begin PBXSourcesBuildPhase section */
		707F951C25D16004007ED891 /* Sources */ = {
			isa = PBXSourcesBuildPhase;
			buildActionMask = 2147483647;
			files = (
				707F952825D16005007ED891 /* ViewController.swift in Sources */,
				707F952425D16004007ED891 /* AppDelegate.swift in Sources */,
				707F953A25D161AF007ED891 /* cutomTableViewCell.swift in Sources */,
				707F952625D16005007ED891 /* SceneDelegate.swift in Sources */,
			);
			runOnlyForDeploymentPostprocessing = 0;
		};
/* End PBXSourcesBuildPhase section */

/* Begin PBXVariantGroup section */
		707F952925D16005007ED891 /* Main.storyboard */ = {
			isa = PBXVariantGroup;
			children = (
				707F952A25D16005007ED891 /* Base */,
			);
			name = Main.storyboard;
			sourceTree = "<group>";
		};
		707F952E25D16007007ED891 /* LaunchScreen.storyboard */ = {
			isa = PBXVariantGroup;
			children = (
				707F952F25D16007007ED891 /* Base */,
			);
			name = LaunchScreen.storyboard;
			sourceTree = "<group>";
		};
/* End PBXVariantGroup section */

/* Begin XCBuildConfiguration section */
		707F953225D16007007ED891 /* Debug */ = {
			isa = XCBuildConfiguration;
			buildSettings = {
				ALWAYS_SEARCH_USER_PATHS = NO;
				CLANG_ANALYZER_NONNULL = YES;
				CLANG_ANALYZER_NUMBER_OBJECT_CONVERSION = YES_AGGRESSIVE;
				CLANG_CXX_LANGUAGE_STANDARD = "gnu++14";
				CLANG_CXX_LIBRARY = "libc++";
				CLANG_ENABLE_MODULES = YES;
				CLANG_ENABLE_OBJC_ARC = YES;
				CLANG_ENABLE_OBJC_WEAK = YES;
				CLANG_WARN_BLOCK_CAPTURE_AUTORELEASING = YES;
				CLANG_WARN_BOOL_CONVERSION = YES;
				CLANG_WARN_COMMA = YES;
				CLANG_WARN_CONSTANT_CONVERSION = YES;
				CLANG_WARN_DEPRECATED_OBJC_IMPLEMENTATIONS = YES;
				CLANG_WARN_DIRECT_OBJC_ISA_USAGE = YES_ERROR;
				CLANG_WARN_DOCUMENTATION_COMMENTS = YES;
				CLANG_WARN_EMPTY_BODY = YES;
				CLANG_WARN_ENUM_CONVERSION = YES;
				CLANG_WARN_INFINITE_RECURSION = YES;
				CLANG_WARN_INT_CONVERSION = YES;
				CLANG_WARN_NON_LITERAL_NULL_CONVERSION = YES;
				CLANG_WARN_OBJC_IMPLICIT_RETAIN_SELF = YES;
				CLANG_WARN_OBJC_LITERAL_CONVERSION = YES;
				CLANG_WARN_OBJC_ROOT_CLASS = YES_ERROR;
				CLANG_WARN_QUOTED_INCLUDE_IN_FRAMEWORK_HEADER = YES;
				CLANG_WARN_RANGE_LOOP_ANALYSIS = YES;
				CLANG_WARN_STRICT_PROTOTYPES = YES;
				CLANG_WARN_SUSPICIOUS_MOVE = YES;
				CLANG_WARN_UNGUARDED_AVAILABILITY = YES_AGGRESSIVE;
				CLANG_WARN_UNREACHABLE_CODE = YES;
				CLANG_WARN__DUPLICATE_METHOD_MATCH = YES;
				COPY_PHASE_STRIP = NO;
				DEBUG_INFORMATION_FORMAT = dwarf;
				ENABLE_STRICT_OBJC_MSGSEND = YES;
				ENABLE_TESTABILITY = YES;
				GCC_C_LANGUAGE_STANDARD = gnu11;
				GCC_DYNAMIC_NO_PIC = NO;
				GCC_NO_COMMON_BLOCKS = YES;
				GCC_OPTIMIZATION_LEVEL = 0;
				GCC_PREPROCESSOR_DEFINITIONS = (
					"DEBUG=1",
					"$(inherited)",
				);
				GCC_WARN_64_TO_32_BIT_CONVERSION = YES;
				GCC_WARN_ABOUT_RETURN_TYPE = YES_ERROR;
				GCC_WARN_UNDECLARED_SELECTOR = YES;
				GCC_WARN_UNINITIALIZED_AUTOS = YES_AGGRESSIVE;
				GCC_WARN_UNUSED_FUNCTION = YES;
				GCC_WARN_UNUSED_VARIABLE = YES;
				IPHONEOS_DEPLOYMENT_TARGET = 14.4;
				MTL_ENABLE_DEBUG_INFO = INCLUDE_SOURCE;
				MTL_FAST_MATH = YES;
				ONLY_ACTIVE_ARCH = YES;
				SDKROOT = iphoneos;
				SWIFT_ACTIVE_COMPILATION_CONDITIONS = DEBUG;
				SWIFT_OPTIMIZATION_LEVEL = "-Onone";
			};
			name = Debug;
		};
		707F953325D16007007ED891 /* Release */ = {
			isa = XCBuildConfiguration;
			buildSettings = {
				ALWAYS_SEARCH_USER_PATHS = NO;
				CLANG_ANALYZER_NONNULL = YES;
				CLANG_ANALYZER_NUMBER_OBJECT_CONVERSION = YES_AGGRESSIVE;
				CLANG_CXX_LANGUAGE_STANDARD = "gnu++14";
				CLANG_CXX_LIBRARY = "libc++";
				CLANG_ENABLE_MODULES = YES;
				CLANG_ENABLE_OBJC_ARC = YES;
				CLANG_ENABLE_OBJC_WEAK = YES;
				CLANG_WARN_BLOCK_CAPTURE_AUTORELEASING = YES;
				CLANG_WARN_BOOL_CONVERSION = YES;
				CLANG_WARN_COMMA = YES;
				CLANG_WARN_CONSTANT_CONVERSION = YES;
				CLANG_WARN_DEPRECATED_OBJC_IMPLEMENTATIONS = YES;
				CLANG_WARN_DIRECT_OBJC_ISA_USAGE = YES_ERROR;
				CLANG_WARN_DOCUMENTATION_COMMENTS = YES;
				CLANG_WARN_EMPTY_BODY = YES;
				CLANG_WARN_ENUM_CONVERSION = YES;
				CLANG_WARN_INFINITE_RECURSION = YES;
				CLANG_WARN_INT_CONVERSION = YES;
				CLANG_WARN_NON_LITERAL_NULL_CONVERSION = YES;
				CLANG_WARN_OBJC_IMPLICIT_RETAIN_SELF = YES;
				CLANG_WARN_OBJC_LITERAL_CONVERSION = YES;
				CLANG_WARN_OBJC_ROOT_CLASS = YES_ERROR;
				CLANG_WARN_QUOTED_INCLUDE_IN_FRAMEWORK_HEADER = YES;
				CLANG_WARN_RANGE_LOOP_ANALYSIS = YES;
				CLANG_WARN_STRICT_PROTOTYPES = YES;
				CLANG_WARN_SUSPICIOUS_MOVE = YES;
				CLANG_WARN_UNGUARDED_AVAILABILITY = YES_AGGRESSIVE;
				CLANG_WARN_UNREACHABLE_CODE = YES;
				CLANG_WARN__DUPLICATE_METHOD_MATCH = YES;
				COPY_PHASE_STRIP = NO;
				DEBUG_INFORMATION_FORMAT = "dwarf-with-dsym";
				ENABLE_NS_ASSERTIONS = NO;
				ENABLE_STRICT_OBJC_MSGSEND = YES;
				GCC_C_LANGUAGE_STANDARD = gnu11;
				GCC_NO_COMMON_BLOCKS = YES;
				GCC_WARN_64_TO_32_BIT_CONVERSION = YES;
				GCC_WARN_ABOUT_RETURN_TYPE = YES_ERROR;
				GCC_WARN_UNDECLARED_SELECTOR = YES;
				GCC_WARN_UNINITIALIZED_AUTOS = YES_AGGRESSIVE;
				GCC_WARN_UNUSED_FUNCTION = YES;
				GCC_WARN_UNUSED_VARIABLE = YES;
				IPHONEOS_DEPLOYMENT_TARGET = 14.4;
				MTL_ENABLE_DEBUG_INFO = NO;
				MTL_FAST_MATH = YES;
				SDKROOT = iphoneos;
				SWIFT_COMPILATION_MODE = wholemodule;
				SWIFT_OPTIMIZATION_LEVEL = "-O";
				VALIDATE_PRODUCT = YES;
			};
			name = Release;
		};
		707F953525D16007007ED891 /* Debug */ = {
			isa = XCBuildConfiguration;
			buildSettings = {
				ASSETCATALOG_COMPILER_APPICON_NAME = AppIcon;
				ASSETCATALOG_COMPILER_GLOBAL_ACCENT_COLOR_NAME = AccentColor;
				CODE_SIGN_STYLE = Automatic;
				INFOPLIST_FILE = tableViewDemo1/Info.plist;
				LD_RUNPATH_SEARCH_PATHS = (
					"$(inherited)",
					"@executable_path/Frameworks",
				);
				PRODUCT_BUNDLE_IDENTIFIER = com.sandeep.tableViewDemo1;
				PRODUCT_NAME = "$(TARGET_NAME)";
				SWIFT_VERSION = 5.0;
				TARGETED_DEVICE_FAMILY = "1,2";
			};
			name = Debug;
		};
		707F953625D16007007ED891 /* Release */ = {
			isa = XCBuildConfiguration;
			buildSettings = {
				ASSETCATALOG_COMPILER_APPICON_NAME = AppIcon;
				ASSETCATALOG_COMPILER_GLOBAL_ACCENT_COLOR_NAME = AccentColor;
				CODE_SIGN_STYLE = Automatic;
				INFOPLIST_FILE = tableViewDemo1/Info.plist;
				LD_RUNPATH_SEARCH_PATHS = (
					"$(inherited)",
					"@executable_path/Frameworks",
				);
				PRODUCT_BUNDLE_IDENTIFIER = com.sandeep.tableViewDemo1;
				PRODUCT_NAME = "$(TARGET_NAME)";
				SWIFT_VERSION = 5.0;
				TARGETED_DEVICE_FAMILY = "1,2";
			};
			name = Release;
		};
/* End XCBuildConfiguration section */

/* Begin XCConfigurationList section */
		707F951B25D16004007ED891 /* Build configuration list for PBXProject "tableViewDemo1" */ = {
			isa = XCConfigurationList;
			buildConfigurations = (
				707F953225D16007007ED891 /* Debug */,
				707F953325D16007007ED891 /* Release */,
			);
			defaultConfigurationIsVisible = 0;
			defaultConfigurationName = Release;
		};
		707F953425D16007007ED891 /* Build configuration list for PBXNativeTarget "tableViewDemo1" */ = {
			isa = XCConfigurationList;
			buildConfigurations = (
				707F953525D16007007ED891 /* Debug */,
				707F953625D16007007ED891 /* Release */,
			);
			defaultConfigurationIsVisible = 0;
			defaultConfigurationName = Release;
		};
/* End XCConfigurationList section */
	};
	rootObject = 707F951825D16004007ED891 /* Project object */;
}
